
Microsoft Visual Studio Solution File, Format Version 12.00
# Visual Studio Version 17
VisualStudioVersion = 17.7.34202.233
MinimumVisualStudioVersion = 10.0.40219.1
Project("{FAE04EC0-301F-11D3-BF4B-00C04F79EFBC}") = "Array&ForExercises", "Array&ForExercises.csproj", "{7AD7973A-3E6A-4C5B-A920-5BE977FF6DB3}"
EndProject
Global
	GlobalSection(SolutionConfigurationPlatforms) = preSolution
		Debug|Any CPU = Debug|Any CPU
		Release|Any CPU = Release|Any CPU
	EndGlobalSection
	GlobalSection(ProjectConfigurationPlatforms) = postSolution
		{7AD7973A-3E6A-4C5B-A920-5BE977FF6DB3}.Debug|Any CPU.ActiveCfg = Debug|Any CPU
		{7AD7973A-3E6A-4C5B-A920-5BE977FF6DB3}.Debug|Any CPU.Build.0 = Debug|Any CPU
		{7AD7973A-3E6A-4C5B-A920-5BE977FF6DB3}.Release|Any CPU.ActiveCfg = Release|Any CPU
		{7AD7973A-3E6A-4C5B-A920-5BE977FF6DB3}.Release|Any CPU.Build.0 = Release|Any CPU
	EndGlobalSection
	GlobalSection(SolutionProperties) = preSolution
		HideSolutionNode = FALSE
	EndGlobalSection
	GlobalSection(ExtensibilityGlobals) = postSolution
		SolutionGuid = {066BDBFE-27C7-4B85-AD45-08199C13D437}
	EndGlobalSection
EndGlobal
